
Microsoft Visual Studio Solution File, Format Version 12.00
Project("{2150E333-8FDC-42A3-9474-1A3956D46DE8}") = "Users", "Users", "{14CD4518-2E46-49A5-A521-1FE6BED7413D}"
EndProject
Project("{FAE04EC0-301F-11D3-BF4B-00C04F79EFBC}") = "Workshop.API", "Workshop.API\Workshop.API.csproj", "{1F22090C-E0E9-44FF-B98E-00A518D78901}"
EndProject
Project("{FAE04EC0-301F-11D3-BF4B-00C04F79EFBC}") = "Users.Contracts", "Users\Users.Contracts\Users.Contracts.csproj", "{8109D59C-A81B-466D-A6CF-8C63AE1723EB}"
EndProject
Project("{FAE04EC0-301F-11D3-BF4B-00C04F79EFBC}") = "Users.Application", "Users\Users.Application\Users.Application.csproj", "{575C0365-8505-4C47-BE9D-B44CDDD8E7AD}"
EndProject
Project("{FAE04EC0-301F-11D3-BF4B-00C04F79EFBC}") = "Users.Infrastructure", "Users\Users.Infrastructure\Users.Infrastructure.csproj", "{F11810FF-4291-4B89-B4AC-1639CB9E0BE0}"
EndProject
Project("{FAE04EC0-301F-11D3-BF4B-00C04F79EFBC}") = "Workshop.Tests", "Workshop.Tests\Workshop.Tests.csproj", "{0E4BFF26-704A-486B-A029-06418233398F}"
EndProject
Project("{FAE04EC0-301F-11D3-BF4B-00C04F79EFBC}") = "Users.Core", "Users\Users.Core\Users.Core.csproj", "{8A2EDCE9-5EB8-40E8-990D-CC62E92F8899}"
EndProject
Global
	GlobalSection(SolutionConfigurationPlatforms) = preSolution
		Debug|Any CPU = Debug|Any CPU
		Release|Any CPU = Release|Any CPU
	EndGlobalSection
	GlobalSection(ProjectConfigurationPlatforms) = postSolution
		{1F22090C-E0E9-44FF-B98E-00A518D78901}.Debug|Any CPU.ActiveCfg = Debug|Any CPU
		{1F22090C-E0E9-44FF-B98E-00A518D78901}.Debug|Any CPU.Build.0 = Debug|Any CPU
		{1F22090C-E0E9-44FF-B98E-00A518D78901}.Release|Any CPU.ActiveCfg = Release|Any CPU
		{1F22090C-E0E9-44FF-B98E-00A518D78901}.Release|Any CPU.Build.0 = Release|Any CPU
		{8109D59C-A81B-466D-A6CF-8C63AE1723EB}.Debug|Any CPU.ActiveCfg = Debug|Any CPU
		{8109D59C-A81B-466D-A6CF-8C63AE1723EB}.Debug|Any CPU.Build.0 = Debug|Any CPU
		{8109D59C-A81B-466D-A6CF-8C63AE1723EB}.Release|Any CPU.ActiveCfg = Release|Any CPU
		{8109D59C-A81B-466D-A6CF-8C63AE1723EB}.Release|Any CPU.Build.0 = Release|Any CPU
		{575C0365-8505-4C47-BE9D-B44CDDD8E7AD}.Debug|Any CPU.ActiveCfg = Debug|Any CPU
		{575C0365-8505-4C47-BE9D-B44CDDD8E7AD}.Debug|Any CPU.Build.0 = Debug|Any CPU
		{575C0365-8505-4C47-BE9D-B44CDDD8E7AD}.Release|Any CPU.ActiveCfg = Release|Any CPU
		{575C0365-8505-4C47-BE9D-B44CDDD8E7AD}.Release|Any CPU.Build.0 = Release|Any CPU
		{F11810FF-4291-4B89-B4AC-1639CB9E0BE0}.Debug|Any CPU.ActiveCfg = Debug|Any CPU
		{F11810FF-4291-4B89-B4AC-1639CB9E0BE0}.Debug|Any CPU.Build.0 = Debug|Any CPU
		{F11810FF-4291-4B89-B4AC-1639CB9E0BE0}.Release|Any CPU.ActiveCfg = Release|Any CPU
		{F11810FF-4291-4B89-B4AC-1639CB9E0BE0}.Release|Any CPU.Build.0 = Release|Any CPU
		{0E4BFF26-704A-486B-A029-06418233398F}.Debug|Any CPU.ActiveCfg = Debug|Any CPU
		{0E4BFF26-704A-486B-A029-06418233398F}.Debug|Any CPU.Build.0 = Debug|Any CPU
		{0E4BFF26-704A-486B-A029-06418233398F}.Release|Any CPU.ActiveCfg = Release|Any CPU
		{0E4BFF26-704A-486B-A029-06418233398F}.Release|Any CPU.Build.0 = Release|Any CPU
		{8A2EDCE9-5EB8-40E8-990D-CC62E92F8899}.Debug|Any CPU.ActiveCfg = Debug|Any CPU
		{8A2EDCE9-5EB8-40E8-990D-CC62E92F8899}.Debug|Any CPU.Build.0 = Debug|Any CPU
		{8A2EDCE9-5EB8-40E8-990D-CC62E92F8899}.Release|Any CPU.ActiveCfg = Release|Any CPU
		{8A2EDCE9-5EB8-40E8-990D-CC62E92F8899}.Release|Any CPU.Build.0 = Release|Any CPU
	EndGlobalSection
	GlobalSection(NestedProjects) = preSolution
		{8109D59C-A81B-466D-A6CF-8C63AE1723EB} = {14CD4518-2E46-49A5-A521-1FE6BED7413D}
		{575C0365-8505-4C47-BE9D-B44CDDD8E7AD} = {14CD4518-2E46-49A5-A521-1FE6BED7413D}
		{F11810FF-4291-4B89-B4AC-1639CB9E0BE0} = {14CD4518-2E46-49A5-A521-1FE6BED7413D}
		{8A2EDCE9-5EB8-40E8-990D-CC62E92F8899} = {14CD4518-2E46-49A5-A521-1FE6BED7413D}
	EndGlobalSection
EndGlobal
